# Clash Meta Ad Filtering Rules based on EasyList
# Generated on 2025-05-14
# Source: https://easylist.to/easylist/easylist.txt
# Version: 202505140552

payload:
  # Common Ad and Tracking Domains (DOMAIN-SUFFIX)
  - DOMAIN-SUFFIX,ad.doubleclick.net
  - DOMAIN-SUFFIX,adservice.google.com
  - DOMAIN-SUFFIX,googlesyndication.com
  - DOMAIN-SUFFIX,adnxs.com
  - DOMAIN-SUFFIX,openx.net
  - DOMAIN-SUFFIX,rubiconproject.com
  - DOMAIN-SUFFIX,criteo.com
  - DOMAIN-SUFFIX,taboola.com
  - DOMAIN-SUFFIX,outbrain.com
  - DOMAIN-SUFFIX,quantserve.com
  - DOMAIN-SUFFIX,scorecardresearch.com
  - DOMAIN-SUFFIX,adform.net
  - DOMAIN-SUFFIX,smartadserver.com
  - DOMAIN-SUFFIX,exoclick.com
  - DOMAIN-SUFFIX,advertising.com
  - DOMAIN-SUFFIX,adtech.com
  - DOMAIN-SUFFIX,adserver.com
  - DOMAIN-SUFFIX,admanager.com
  - DOMAIN-SUFFIX,admob.com
  - DOMAIN-SUFFIX,prtrackings.com
  - DOMAIN-SUFFIX,fuse-cloud.com
  - DOMAIN-SUFFIX,2mdn.net
  - DOMAIN-SUFFIX,adblade.com
  - DOMAIN-SUFFIX,adbutler.com
  - DOMAIN-SUFFIX,adcolony.com
  - DOMAIN-SUFFIX,adfox.ru
  - DOMAIN-SUFFIX,adroll.com
  - DOMAIN-SUFFIX,adsrvr.org
  - DOMAIN-SUFFIX,adtng.com
  - DOMAIN-SUFFIX,adzerk.net
  - DOMAIN-SUFFIX,amazon-adsystem.com
  - DOMAIN-SUFFIX,contextweb.com
  - DOMAIN-SUFFIX,mathtag.com
  - DOMAIN-SUFFIX,mediavine.com
  - DOMAIN-SUFFIX,pubmatic.com
  - DOMAIN-SUFFIX,revcontent.com
  - DOMAIN-SUFFIX,sharethrough.com
  - DOMAIN-SUFFIX,sonobi.com
  - DOMAIN-SUFFIX,yieldmo.com

  # Common Ad-related Keywords (DOMAIN-KEYWORD)
  - DOMAIN-KEYWORD,ads
  - DOMAIN-KEYWORD,adserver
  - DOMAIN-KEYWORD,banner
  - DOMAIN-KEYWORD,track
  - DOMAIN-KEYWORD,adclick
  - DOMAIN-KEYWORD,adstream
  - DOMAIN-KEYWORD,popunder
  - DOMAIN-KEYWORD,affiliate
  - DOMAIN-KEYWORD,sponsor
  - DOMAIN-KEYWORD,adblock
  - DOMAIN-KEYWORD,advert
  - DOMAIN-KEYWORD,admanager
  - DOMAIN-KEYWORD,adpartner
  - DOMAIN-KEYWORD,adrecovery
  - DOMAIN-KEYWORD,adunit
  - DOMAIN-KEYWORD,advbanner
  - DOMAIN-KEYWORD,adview
  - DOMAIN-KEYWORD,prebid
  - DOMAIN-KEYWORD,reklama
  - DOMAIN-KEYWORD,popad

  # Common Ad-related Paths (REGEX)
  - REGEX,.*\.ad[sx]?[0-9]?\.
  - REGEX,.*\/ads\/.*
  - REGEX,.*\/adserver\/.*
  - REGEX,.*\/banner[s]?\/.*
  - REGEX,.*\/adclick\.
  - REGEX,.*\/popunder\.
  - REGEX,.*\/adimage\/.*
  - REGEX,.*\/adjs\.php
  - REGEX,.*\/adlayer\.php
  - REGEX,.*\/adlog\.php
  - REGEX,.*\/admanager\/.*
  - REGEX,.*\/adocean\.js
  - REGEX,.*\/adpartner\.min\.js
  - REGEX,.*\/adplayer\.
  - REGEX,.*\/adsbanner\/.*
  - REGEX,.*\/adscontroller\.js
  - REGEX,.*\/adscroll\.js
  - REGEX,.*\/adserv\/.*
  - REGEX,.*\/adtools\.js
  - REGEX,.*\/adtrack\.
  - REGEX,.*\/advbanner\/.*
  - REGEX,.*\/aff_banners\/.*
  - REGEX,.*\/afu\.php
  - REGEX,.*\/popunder\.js
  - REGEX,.*\/popupads\.js
  - REGEX,.*\/prbt\/v1\/ads\/.*
  - REGEX,.*\/reklam\/.*

  # Popunder and Redirect Domains (DOMAIN-SUFFIX)
  - DOMAIN-SUFFIX,adclick.g.doubleclick.net
  - DOMAIN-SUFFIX,adstream_sx.ads
  - DOMAIN-SUFFIX,adx.php
  - DOMAIN-SUFFIX,popunder.in
  - DOMAIN-SUFFIX,smartpop.com
  - DOMAIN-SUFFIX,zp-redirect.com
  - DOMAIN-SUFFIX,zcvisitor.com
  - DOMAIN-SUFFIX,clickadu.com
  - DOMAIN-SUFFIX,popads.net
  - DOMAIN-SUFFIX,propellerads.com

  # Anti-Adblock Domains (DOMAIN-SUFFIX)
  - DOMAIN-SUFFIX,adblock-detect.com
  - DOMAIN-SUFFIX,adblock-notify.com
  - DOMAIN-SUFFIX,adblockdetector.com
  - DOMAIN-SUFFIX,blockblock.com

  # Common Ad Dimensions (REGEX)
  - REGEX,.*-120x600\.
  - REGEX,.*-160x600\.
  - REGEX,.*-300x250\.
  - REGEX,.*-468x60\.
  - REGEX,.*-728x90\.
  - REGEX,.*\/120x600\/.*
  - REGEX,.*\/160x600\/.*
  - REGEX,.*\/300x250\/.*
  - REGEX,.*\/468x60\/.*
  - REGEX,.*\/728x90\/.*

  # Exceptions (White-list)
  - DOMAIN,ads.google.com,DIRECT
  - DOMAIN,ads.twitter.com,DIRECT
  - DOMAIN,ads.pinterest.com,DIRECT
  - DOMAIN,ads.microsoft.com,DIRECT
  - DOMAIN,cloud.google.com,DIRECT
  - DOMAIN,developers.google.com,DIRECT
  - DOMAIN,support.google.com,DIRECT
  - DOMAIN,ads.apple.com,DIRECT
  - DOMAIN,ads.amazon.com,DIRECT
  - DOMAIN,ads.brave.com,DIRECT
  - DOMAIN,ads.chewy.com,DIRECT
  - DOMAIN,ads.instacart.com,DIRECT
  - DOMAIN,ads.jiosaavn.com,DIRECT
  - DOMAIN,ads.realizeperformance.com,DIRECT
  - DOMAIN,ads.smartnews.com,DIRECT
  - DOMAIN,ads.snapchat.com,DIRECT
  - DOMAIN,ads.spotify.com,DIRECT
  - DOMAIN,ads.taboola.com,DIRECT
  - DOMAIN,ads.tiktok.com,DIRECT
  - DOMAIN,ads.vk.com,DIRECT
  - DOMAIN,ads.x.com,DIRECT
  - DOMAIN,ads.yahoo.com,DIRECT
  - DOMAIN,adv.asahi.com,DIRECT
  - DOMAIN,adv.gg,DIRECT
  - DOMAIN,adv.welaika.com,DIRECT
  - DOMAIN,biz.yelp.com,DIRECT
  - DOMAIN,dashboard.mgid.com,DIRECT
  - DOMAIN,adblockplus.org,DIRECT
  - DOMAIN,wordpress.org,DIRECT
  - DOMAIN,accounts.google.com,DIRECT
  - DOMAIN,calendar.google.com,DIRECT
  - DOMAIN,docs.google.com,DIRECT
  - DOMAIN,drive.google.com,DIRECT
  - DOMAIN,mail.google.com,DIRECT
  - DOMAIN,meet.google.com,DIRECT
  - DOMAIN,photos.google.com,DIRECT
  - DOMAIN,console.cloud.google.com,DIRECT
  - DOMAIN,facebook.com,DIRECT
  - DOMAIN,instagram.com,DIRECT
  - DOMAIN,pinterest.com,DIRECT
  - DOMAIN,reddit.com,DIRECT
  - DOMAIN,tiktok.com,DIRECT
  - DOMAIN,twitch.tv,DIRECT
  - DOMAIN,whatsapp.com,DIRECT
  - DOMAIN,wikipedia.org,DIRECT
  - DOMAIN,youtube.com,DIRECT
  - DOMAIN,x.com,DIRECT
  - DOMAIN,github.com,DIRECT
  - DOMAIN,gitlab.com,DIRECT
  - DOMAIN,netflix.com,DIRECT
  - DOMAIN,spotify.com,DIRECT
  - DOMAIN,disneyplus.com,DIRECT
  - DOMAIN,canva.com,DIRECT
  - DOMAIN,figma.com,DIRECT
  - DOMAIN,notion.so,DIRECT
  - DOMAIN,slack.com,DIRECT
  - DOMAIN,dropbox.com,DIRECT
  - DOMAIN,onedrive.live.com,DIRECT
